
Microsoft Visual Studio Solution File, Format Version 12.00
# Visual Studio Version 17
VisualStudioVersion = 17.5.33516.290
MinimumVisualStudioVersion = 10.0.40219.1
Project("{FAE04EC0-301F-11D3-BF4B-00C04F79EFBC}") = "PR4", "PR4\PR4.csproj", "{AB979C43-6D2D-4BCD-8E23-6EEF6EB56FE9}"
EndProject
Global
	GlobalSection(SolutionConfigurationPlatforms) = preSolution
		Debug|Any CPU = Debug|Any CPU
		Release|Any CPU = Release|Any CPU
	EndGlobalSection
	GlobalSection(ProjectConfigurationPlatforms) = postSolution
		{AB979C43-6D2D-4BCD-8E23-6EEF6EB56FE9}.Debug|Any CPU.ActiveCfg = Debug|Any CPU
		{AB979C43-6D2D-4BCD-8E23-6EEF6EB56FE9}.Debug|Any CPU.Build.0 = Debug|Any CPU
		{AB979C43-6D2D-4BCD-8E23-6EEF6EB56FE9}.Release|Any CPU.ActiveCfg = Release|Any CPU
		{AB979C43-6D2D-4BCD-8E23-6EEF6EB56FE9}.Release|Any CPU.Build.0 = Release|Any CPU
	EndGlobalSection
	GlobalSection(SolutionProperties) = preSolution
		HideSolutionNode = FALSE
	EndGlobalSection
	GlobalSection(ExtensibilityGlobals) = postSolution
		SolutionGuid = {6993B518-FCBA-49A9-855B-B003FC5AE5F4}
	EndGlobalSection
EndGlobal
